
Microsoft Visual Studio Solution File, Format Version 12.00
# Visual Studio Version 17
VisualStudioVersion = 17.14.36301.6 d17.14
MinimumVisualStudioVersion = 10.0.40219.1
Project("{FAE04EC0-301F-11D3-BF4B-00C04F79EFBC}") = "SiteLink.Portals", "SiteLink.Portals\SiteLink.Portals.csproj", "{3028F689-6CA5-4985-98B6-91E594C32E62}"
EndProject
Global
	GlobalSection(SolutionConfigurationPlatforms) = preSolution
		Debug|Any CPU = Debug|Any CPU
		Release|Any CPU = Release|Any CPU
	EndGlobalSection
	GlobalSection(ProjectConfigurationPlatforms) = postSolution
		{3028F689-6CA5-4985-98B6-91E594C32E62}.Debug|Any CPU.ActiveCfg = Debug|Any CPU
		{3028F689-6CA5-4985-98B6-91E594C32E62}.Debug|Any CPU.Build.0 = Debug|Any CPU
		{3028F689-6CA5-4985-98B6-91E594C32E62}.Release|Any CPU.ActiveCfg = Release|Any CPU
		{3028F689-6CA5-4985-98B6-91E594C32E62}.Release|Any CPU.Build.0 = Release|Any CPU
	EndGlobalSection
	GlobalSection(SolutionProperties) = preSolution
		HideSolutionNode = FALSE
	EndGlobalSection
	GlobalSection(ExtensibilityGlobals) = postSolution
		SolutionGuid = {C357A4F7-3208-46A8-A27F-8364384D44A9}
	EndGlobalSection
EndGlobal
